
Microsoft Visual Studio Solution File, Format Version 12.00
# Visual Studio 15
VisualStudioVersion = 15.0.28307.1321
MinimumVisualStudioVersion = 10.0.40219.1
Project("{FAE04EC0-301F-11D3-BF4B-00C04F79EFBC}") = "AntifogeryDemo", "AntifogeryDemo\AntifogeryDemo.csproj", "{07EDDF33-3435-4CAD-8FA4-C4DA00EA0759}"
EndProject
Global
	GlobalSection(SolutionConfigurationPlatforms) = preSolution
		Debug|Any CPU = Debug|Any CPU
		Release|Any CPU = Release|Any CPU
	EndGlobalSection
	GlobalSection(ProjectConfigurationPlatforms) = postSolution
		{07EDDF33-3435-4CAD-8FA4-C4DA00EA0759}.Debug|Any CPU.ActiveCfg = Debug|Any CPU
		{07EDDF33-3435-4CAD-8FA4-C4DA00EA0759}.Debug|Any CPU.Build.0 = Debug|Any CPU
		{07EDDF33-3435-4CAD-8FA4-C4DA00EA0759}.Release|Any CPU.ActiveCfg = Release|Any CPU
		{07EDDF33-3435-4CAD-8FA4-C4DA00EA0759}.Release|Any CPU.Build.0 = Release|Any CPU
	EndGlobalSection
	GlobalSection(SolutionProperties) = preSolution
		HideSolutionNode = FALSE
	EndGlobalSection
	GlobalSection(ExtensibilityGlobals) = postSolution
		SolutionGuid = {DE5CE04E-ACDC-4B00-818D-242B35ACE5D3}
	EndGlobalSection
EndGlobal
